# THIS IS AN AUTOGENERATED FILE. DO NOT EDIT THIS FILE DIRECTLY.
# yarn lockfile v1


asynckit@^0.4.0:
  version "0.4.0"
  resolved "https://registry.npm.taobao.org/asynckit/download/asynckit-0.4.0.tgz#c79ed97f7f34cb8f2ba1bc9790bcc366474b4b79"
  integrity sha1-x57Zf380y48robyXkLzDZkdLS3k=

axios@^0.19.1:
  version "0.19.2"
  resolved "https://registry.npm.taobao.org/axios/download/axios-0.19.2.tgz#3ea36c5d8818d0d5f8a8a97a6d36b86cdc00cb27"
  integrity sha1-PqNsXYgY0NX4qKl6bTa4bNwAyyc=
  dependencies:
    follow-redirects "1.5.10"

base-64@^0.1.0:
  version "0.1.0"
  resolved "https://registry.npm.taobao.org/base-64/download/base-64-0.1.0.tgz#780a99c84e7d600260361511c4877613bf24f6bb"
  integrity sha1-eAqZyE59YAJgNhURxId2E78k9rs=

bluebird@^3.7.2:
  version "3.7.2"
  resolved "https://registry.npm.taobao.org/bluebird/download/bluebird-3.7.2.tgz?cache=0&sync_timestamp=1589683985169&other_urls=https%3A%2F%2Fregistry.npm.taobao.org%2Fbluebird%2Fdownload%2Fbluebird-3.7.2.tgz#9f229c15be272454ffa973ace0dbee79a1b0c36f"
  integrity sha1-nyKcFb4nJFT/qXOs4NvueaGww28=

charenc@~0.0.1:
  version "0.0.2"
  resolved "https://registry.npm.taobao.org/charenc/download/charenc-0.0.2.tgz#c0a1d2f3a7092e03774bfa83f14c0fc5790a8667"
  integrity sha1-wKHS86cJLgN3S/qD8UwPxXkKhmc=

combined-stream@^1.0.8:
  version "1.0.8"
  resolved "https://registry.npm.taobao.org/combined-stream/download/combined-stream-1.0.8.tgz#c3d45a8b34fd730631a110a8a2520682b31d5a7f"
  integrity sha1-w9RaizT9cwYxoRCoolIGgrMdWn8=
  dependencies:
    delayed-stream "~1.0.0"

crypt@~0.0.1:
  version "0.0.2"
  resolved "https://registry.npm.taobao.org/crypt/download/crypt-0.0.2.tgz#88d7ff7ec0dfb86f713dc87bbb42d044d3e6c41b"
  integrity sha1-iNf/fsDfuG9xPch7u0LQRNPmxBs=

debug@=3.1.0:
  version "3.1.0"
  resolved "https://registry.npm.taobao.org/debug/download/debug-3.1.0.tgz#5bb5a0672628b64149566ba16819e61518c67261"
  integrity sha1-W7WgZyYotkFJVmuhaBnmFRjGcmE=
  dependencies:
    ms "2.0.0"

delayed-stream@~1.0.0:
  version "1.0.0"
  resolved "https://registry.npm.taobao.org/delayed-stream/download/delayed-stream-1.0.0.tgz?cache=0&sync_timestamp=1589683966113&other_urls=https%3A%2F%2Fregistry.npm.taobao.org%2Fdelayed-stream%2Fdownload%2Fdelayed-stream-1.0.0.tgz#df3ae199acadfb7d440aaae0b29e2272b24ec619"
  integrity sha1-3zrhmayt+31ECqrgsp4icrJOxhk=

follow-redirects@1.5.10:
  version "1.5.10"
  resolved "https://registry.npm.taobao.org/follow-redirects/download/follow-redirects-1.5.10.tgz#7b7a9f9aea2fdff36786a94ff643ed07f4ff5e2a"
  integrity sha1-e3qfmuov3/NnhqlP9kPtB/T/Xio=
  dependencies:
    debug "=3.1.0"

form-data@^3.0.0:
  version "3.0.0"
  resolved "https://registry.npm.taobao.org/form-data/download/form-data-3.0.0.tgz#31b7e39c85f1355b7139ee0c647cf0de7f83c682"
  integrity sha1-MbfjnIXxNVtxOe4MZHzw3n+DxoI=
  dependencies:
    asynckit "^0.4.0"
    combined-stream "^1.0.8"
    mime-types "^2.1.12"

ghost-storage-base@^0.0.5:
  version "0.0.5"
  resolved "https://registry.npm.taobao.org/ghost-storage-base/download/ghost-storage-base-0.0.5.tgz#5608326ab6067c8eb3cac537a850c175f8532849"
  integrity sha1-VggyarYGfI6zysU3qFDBdfhTKEk=
  dependencies:
    moment "2.26.0"

hmacsha1@^1.0.0:
  version "1.0.0"
  resolved "https://registry.npm.taobao.org/hmacsha1/download/hmacsha1-1.0.0.tgz#c1b7ae03a4ea116348090af14f8148c12938a917"
  integrity sha1-wbeuA6TqEWNICQrxT4FIwSk4qRc=

is-buffer@~1.1.1:
  version "1.1.6"
  resolved "https://registry.npm.taobao.org/is-buffer/download/is-buffer-1.1.6.tgz#efaa2ea9daa0d7ab2ea13a97b2b8ad51fefbe8be"
  integrity sha1-76ouqdqg16suoTqXsritUf776L4=

is-promise@^2.1.0:
  version "2.2.2"
  resolved "https://registry.npm.taobao.org/is-promise/download/is-promise-2.2.2.tgz#39ab959ccbf9a774cf079f7b40c7a26f763135f1"
  integrity sha1-OauVnMv5p3TPB597QMeib3YxNfE=

md5@^2.2.1:
  version "2.2.1"
  resolved "https://registry.npm.taobao.org/md5/download/md5-2.2.1.tgz#53ab38d5fe3c8891ba465329ea23fac0540126f9"
  integrity sha1-U6s41f48iJG6RlMp6iP6wFQBJvk=
  dependencies:
    charenc "~0.0.1"
    crypt "~0.0.1"
    is-buffer "~1.1.1"

mime-db@1.44.0:
  version "1.44.0"
  resolved "https://registry.npm.taobao.org/mime-db/download/mime-db-1.44.0.tgz#fa11c5eb0aca1334b4233cb4d52f10c5a6272f92"
  integrity sha1-+hHF6wrKEzS0Izy01S8QxaYnL5I=

mime-types@^2.1.12, mime-types@^2.1.15:
  version "2.1.27"
  resolved "https://registry.npm.taobao.org/mime-types/download/mime-types-2.1.27.tgz#47949f98e279ea53119f5722e0f34e529bec009f"
  integrity sha1-R5SfmOJ56lMRn1ci4PNOUpvsAJ8=
  dependencies:
    mime-db "1.44.0"

moment@2.26.0:
  version "2.26.0"
  resolved "https://registry.npm.taobao.org/moment/download/moment-2.26.0.tgz#5e1f82c6bafca6e83e808b30c8705eed0dcbd39a"
  integrity sha1-Xh+Cxrr8pug+gIswyHBe7Q3L05o=

moment@^2.27.0:
  version "2.29.4"
  resolved "https://registry.yarnpkg.com/moment/-/moment-2.29.4.tgz#3dbe052889fe7c1b2ed966fcb3a77328964ef108"
  integrity sha512-5LC9SOxjSc2HF6vO2CyuTDNivEdoz2IvyJJGj6X8DJ0eFyfszE0QiEd+iXmBvUP3WHxSjFH/vIsA0EN00cgr8w==

ms@2.0.0:
  version "2.0.0"
  resolved "https://registry.npm.taobao.org/ms/download/ms-2.0.0.tgz#5608aeadfc00be6c2901df5f9861788de0d597c8"
  integrity sha1-VgiurfwAvmwpAd9fmGF4jeDVl8g=

upyun@^3.4.4:
  version "3.4.4"
  resolved "https://registry.npm.taobao.org/upyun/download/upyun-3.4.4.tgz#2aaf0a397dc30264ea11145682be2ab98f5bab92"
  integrity sha1-Kq8KOX3DAmTqERRWgr4quY9bq5I=
  dependencies:
    axios "^0.19.1"
    base-64 "^0.1.0"
    form-data "^3.0.0"
    hmacsha1 "^1.0.0"
    is-promise "^2.1.0"
    md5 "^2.2.1"
    mime-types "^2.1.15"
